
Microsoft Visual Studio Solution File, Format Version 12.00
# Visual Studio Version 16
VisualStudioVersion = 16.0.29709.97
MinimumVisualStudioVersion = 10.0.40219.1
Project("{FAE04EC0-301F-11D3-BF4B-00C04F79EFBC}") = "ambit", "ambit\ambit.csproj", "{96567CD6-CAA7-4305-AFE8-C061A368F83A}"
EndProject
Global
	GlobalSection(SolutionConfigurationPlatforms) = preSolution
		Debug|Any CPU = Debug|Any CPU
		Release|Any CPU = Release|Any CPU
	EndGlobalSection
	GlobalSection(ProjectConfigurationPlatforms) = postSolution
		{96567CD6-CAA7-4305-AFE8-C061A368F83A}.Debug|Any CPU.ActiveCfg = Debug|Any CPU
		{96567CD6-CAA7-4305-AFE8-C061A368F83A}.Debug|Any CPU.Build.0 = Debug|Any CPU
		{96567CD6-CAA7-4305-AFE8-C061A368F83A}.Release|Any CPU.ActiveCfg = Release|Any CPU
		{96567CD6-CAA7-4305-AFE8-C061A368F83A}.Release|Any CPU.Build.0 = Release|Any CPU
	EndGlobalSection
	GlobalSection(SolutionProperties) = preSolution
		HideSolutionNode = FALSE
	EndGlobalSection
	GlobalSection(ExtensibilityGlobals) = postSolution
		SolutionGuid = {9227EB97-4398-4DA2-8F11-8E6C76149C60}
	EndGlobalSection
EndGlobal
